
Microsoft Visual Studio Solution File, Format Version 12.00
# Visual Studio Version 17
VisualStudioVersion = 17.0.31903.59
MinimumVisualStudioVersion = 10.0.40219.1
Project("{FAE04EC0-301F-11D3-BF4B-00C04F79EFBC}") = "TourismAgency", "TourismAgency\TourismAgency.csproj", "{8318DD83-6702-4CA6-A943-910E87B9EE4A}"
EndProject
Project("{FAE04EC0-301F-11D3-BF4B-00C04F79EFBC}") = "Infrastructure", "Infrastructure\Infrastructure.csproj", "{8B66EE5F-1EE9-423C-8A7F-C2C167EB0BD8}"
EndProject
Project("{FAE04EC0-301F-11D3-BF4B-00C04F79EFBC}") = "Domain", "Domain\Domain.csproj", "{1113586C-1219-48AC-8361-8D91C8591DDB}"
EndProject
Project("{FAE04EC0-301F-11D3-BF4B-00C04F79EFBC}") = "Application", "Application\Application.csproj", "{4C58A091-F7E2-4A74-8665-0817FCD54BFA}"
EndProject
Global
	GlobalSection(SolutionConfigurationPlatforms) = preSolution
		Debug|Any CPU = Debug|Any CPU
		Debug|x64 = Debug|x64
		Debug|x86 = Debug|x86
		Release|Any CPU = Release|Any CPU
		Release|x64 = Release|x64
		Release|x86 = Release|x86
	EndGlobalSection
	GlobalSection(ProjectConfigurationPlatforms) = postSolution
		{8318DD83-6702-4CA6-A943-910E87B9EE4A}.Debug|Any CPU.ActiveCfg = Debug|Any CPU
		{8318DD83-6702-4CA6-A943-910E87B9EE4A}.Debug|Any CPU.Build.0 = Debug|Any CPU
		{8318DD83-6702-4CA6-A943-910E87B9EE4A}.Debug|x64.ActiveCfg = Debug|Any CPU
		{8318DD83-6702-4CA6-A943-910E87B9EE4A}.Debug|x64.Build.0 = Debug|Any CPU
		{8318DD83-6702-4CA6-A943-910E87B9EE4A}.Debug|x86.ActiveCfg = Debug|Any CPU
		{8318DD83-6702-4CA6-A943-910E87B9EE4A}.Debug|x86.Build.0 = Debug|Any CPU
		{8318DD83-6702-4CA6-A943-910E87B9EE4A}.Release|Any CPU.ActiveCfg = Release|Any CPU
		{8318DD83-6702-4CA6-A943-910E87B9EE4A}.Release|Any CPU.Build.0 = Release|Any CPU
		{8318DD83-6702-4CA6-A943-910E87B9EE4A}.Release|x64.ActiveCfg = Release|Any CPU
		{8318DD83-6702-4CA6-A943-910E87B9EE4A}.Release|x64.Build.0 = Release|Any CPU
		{8318DD83-6702-4CA6-A943-910E87B9EE4A}.Release|x86.ActiveCfg = Release|Any CPU
		{8318DD83-6702-4CA6-A943-910E87B9EE4A}.Release|x86.Build.0 = Release|Any CPU
		{8B66EE5F-1EE9-423C-8A7F-C2C167EB0BD8}.Debug|Any CPU.ActiveCfg = Debug|Any CPU
		{8B66EE5F-1EE9-423C-8A7F-C2C167EB0BD8}.Debug|Any CPU.Build.0 = Debug|Any CPU
		{8B66EE5F-1EE9-423C-8A7F-C2C167EB0BD8}.Debug|x64.ActiveCfg = Debug|Any CPU
		{8B66EE5F-1EE9-423C-8A7F-C2C167EB0BD8}.Debug|x64.Build.0 = Debug|Any CPU
		{8B66EE5F-1EE9-423C-8A7F-C2C167EB0BD8}.Debug|x86.ActiveCfg = Debug|Any CPU
		{8B66EE5F-1EE9-423C-8A7F-C2C167EB0BD8}.Debug|x86.Build.0 = Debug|Any CPU
		{8B66EE5F-1EE9-423C-8A7F-C2C167EB0BD8}.Release|Any CPU.ActiveCfg = Release|Any CPU
		{8B66EE5F-1EE9-423C-8A7F-C2C167EB0BD8}.Release|Any CPU.Build.0 = Release|Any CPU
		{8B66EE5F-1EE9-423C-8A7F-C2C167EB0BD8}.Release|x64.ActiveCfg = Release|Any CPU
		{8B66EE5F-1EE9-423C-8A7F-C2C167EB0BD8}.Release|x64.Build.0 = Release|Any CPU
		{8B66EE5F-1EE9-423C-8A7F-C2C167EB0BD8}.Release|x86.ActiveCfg = Release|Any CPU
		{8B66EE5F-1EE9-423C-8A7F-C2C167EB0BD8}.Release|x86.Build.0 = Release|Any CPU
		{1113586C-1219-48AC-8361-8D91C8591DDB}.Debug|Any CPU.ActiveCfg = Debug|Any CPU
		{1113586C-1219-48AC-8361-8D91C8591DDB}.Debug|Any CPU.Build.0 = Debug|Any CPU
		{1113586C-1219-48AC-8361-8D91C8591DDB}.Debug|x64.ActiveCfg = Debug|Any CPU
		{1113586C-1219-48AC-8361-8D91C8591DDB}.Debug|x64.Build.0 = Debug|Any CPU
		{1113586C-1219-48AC-8361-8D91C8591DDB}.Debug|x86.ActiveCfg = Debug|Any CPU
		{1113586C-1219-48AC-8361-8D91C8591DDB}.Debug|x86.Build.0 = Debug|Any CPU
		{1113586C-1219-48AC-8361-8D91C8591DDB}.Release|Any CPU.ActiveCfg = Release|Any CPU
		{1113586C-1219-48AC-8361-8D91C8591DDB}.Release|Any CPU.Build.0 = Release|Any CPU
		{1113586C-1219-48AC-8361-8D91C8591DDB}.Release|x64.ActiveCfg = Release|Any CPU
		{1113586C-1219-48AC-8361-8D91C8591DDB}.Release|x64.Build.0 = Release|Any CPU
		{1113586C-1219-48AC-8361-8D91C8591DDB}.Release|x86.ActiveCfg = Release|Any CPU
		{1113586C-1219-48AC-8361-8D91C8591DDB}.Release|x86.Build.0 = Release|Any CPU
		{4C58A091-F7E2-4A74-8665-0817FCD54BFA}.Debug|Any CPU.ActiveCfg = Debug|Any CPU
		{4C58A091-F7E2-4A74-8665-0817FCD54BFA}.Debug|Any CPU.Build.0 = Debug|Any CPU
		{4C58A091-F7E2-4A74-8665-0817FCD54BFA}.Debug|x64.ActiveCfg = Debug|Any CPU
		{4C58A091-F7E2-4A74-8665-0817FCD54BFA}.Debug|x64.Build.0 = Debug|Any CPU
		{4C58A091-F7E2-4A74-8665-0817FCD54BFA}.Debug|x86.ActiveCfg = Debug|Any CPU
		{4C58A091-F7E2-4A74-8665-0817FCD54BFA}.Debug|x86.Build.0 = Debug|Any CPU
		{4C58A091-F7E2-4A74-8665-0817FCD54BFA}.Release|Any CPU.ActiveCfg = Release|Any CPU
		{4C58A091-F7E2-4A74-8665-0817FCD54BFA}.Release|Any CPU.Build.0 = Release|Any CPU
		{4C58A091-F7E2-4A74-8665-0817FCD54BFA}.Release|x64.ActiveCfg = Release|Any CPU
		{4C58A091-F7E2-4A74-8665-0817FCD54BFA}.Release|x64.Build.0 = Release|Any CPU
		{4C58A091-F7E2-4A74-8665-0817FCD54BFA}.Release|x86.ActiveCfg = Release|Any CPU
		{4C58A091-F7E2-4A74-8665-0817FCD54BFA}.Release|x86.Build.0 = Release|Any CPU
	EndGlobalSection
	GlobalSection(SolutionProperties) = preSolution
		HideSolutionNode = FALSE
	EndGlobalSection
EndGlobal
